
Microsoft Visual Studio Solution File, Format Version 12.00
# Visual Studio Version 17
VisualStudioVersion = 17.2.32602.215
MinimumVisualStudioVersion = 10.0.40219.1
Project("{2150E333-8FDC-42A3-9474-1A3956D46DE8}") = "Solution", "Solution", "{2D3B2FC6-B440-40B8-986E-2FF8F64C2863}"
	ProjectSection(SolutionItems) = preProject
		.gitignore = .gitignore
		LICENSE = LICENSE
		README.md = README.md
	EndProjectSection
EndProject
Project("{FAE04EC0-301F-11D3-BF4B-00C04F79EFBC}") = "Stereokit.Azure.SpatialAnchors", "Stereokit.Azure.SpatialAnchors\Stereokit.Azure.SpatialAnchors.csproj", "{E7C4592B-3415-4B00-BB1B-B8FE74066D8D}"
EndProject
Project("{FAE04EC0-301F-11D3-BF4B-00C04F79EFBC}") = "Stereokit.Azure.SpatialAnchors.Demo", "Stereokit.Azure.SpatialAnchors.Demo\Stereokit.Azure.SpatialAnchors.Demo.csproj", "{C7F7EA22-7B78-483F-B0F0-6DF8B1CF5C0B}"
EndProject
Global
	GlobalSection(SolutionConfigurationPlatforms) = preSolution
		Debug|Any CPU = Debug|Any CPU
		Debug|ARM = Debug|ARM
		Debug|ARM64 = Debug|ARM64
		Debug|x64 = Debug|x64
		Debug|x86 = Debug|x86
		Release|Any CPU = Release|Any CPU
		Release|ARM = Release|ARM
		Release|ARM64 = Release|ARM64
		Release|x64 = Release|x64
		Release|x86 = Release|x86
	EndGlobalSection
	GlobalSection(ProjectConfigurationPlatforms) = postSolution
		{E7C4592B-3415-4B00-BB1B-B8FE74066D8D}.Debug|Any CPU.ActiveCfg = Debug|Any CPU
		{E7C4592B-3415-4B00-BB1B-B8FE74066D8D}.Debug|Any CPU.Build.0 = Debug|Any CPU
		{E7C4592B-3415-4B00-BB1B-B8FE74066D8D}.Debug|ARM.ActiveCfg = Debug|ARM
		{E7C4592B-3415-4B00-BB1B-B8FE74066D8D}.Debug|ARM.Build.0 = Debug|ARM
		{E7C4592B-3415-4B00-BB1B-B8FE74066D8D}.Debug|ARM64.ActiveCfg = Debug|ARM64
		{E7C4592B-3415-4B00-BB1B-B8FE74066D8D}.Debug|ARM64.Build.0 = Debug|ARM64
		{E7C4592B-3415-4B00-BB1B-B8FE74066D8D}.Debug|x64.ActiveCfg = Debug|x64
		{E7C4592B-3415-4B00-BB1B-B8FE74066D8D}.Debug|x64.Build.0 = Debug|x64
		{E7C4592B-3415-4B00-BB1B-B8FE74066D8D}.Debug|x86.ActiveCfg = Debug|x86
		{E7C4592B-3415-4B00-BB1B-B8FE74066D8D}.Debug|x86.Build.0 = Debug|x86
		{E7C4592B-3415-4B00-BB1B-B8FE74066D8D}.Release|Any CPU.ActiveCfg = Release|Any CPU
		{E7C4592B-3415-4B00-BB1B-B8FE74066D8D}.Release|Any CPU.Build.0 = Release|Any CPU
		{E7C4592B-3415-4B00-BB1B-B8FE74066D8D}.Release|ARM.ActiveCfg = Release|ARM
		{E7C4592B-3415-4B00-BB1B-B8FE74066D8D}.Release|ARM.Build.0 = Release|ARM
		{E7C4592B-3415-4B00-BB1B-B8FE74066D8D}.Release|ARM64.ActiveCfg = Release|ARM64
		{E7C4592B-3415-4B00-BB1B-B8FE74066D8D}.Release|ARM64.Build.0 = Release|ARM64
		{E7C4592B-3415-4B00-BB1B-B8FE74066D8D}.Release|x64.ActiveCfg = Release|x64
		{E7C4592B-3415-4B00-BB1B-B8FE74066D8D}.Release|x64.Build.0 = Release|x64
		{E7C4592B-3415-4B00-BB1B-B8FE74066D8D}.Release|x86.ActiveCfg = Release|x86
		{E7C4592B-3415-4B00-BB1B-B8FE74066D8D}.Release|x86.Build.0 = Release|x86
		{C7F7EA22-7B78-483F-B0F0-6DF8B1CF5C0B}.Debug|Any CPU.ActiveCfg = Debug|x64
		{C7F7EA22-7B78-483F-B0F0-6DF8B1CF5C0B}.Debug|Any CPU.Build.0 = Debug|x64
		{C7F7EA22-7B78-483F-B0F0-6DF8B1CF5C0B}.Debug|Any CPU.Deploy.0 = Debug|x64
		{C7F7EA22-7B78-483F-B0F0-6DF8B1CF5C0B}.Debug|ARM.ActiveCfg = Debug|x64
		{C7F7EA22-7B78-483F-B0F0-6DF8B1CF5C0B}.Debug|ARM.Build.0 = Debug|x64
		{C7F7EA22-7B78-483F-B0F0-6DF8B1CF5C0B}.Debug|ARM.Deploy.0 = Debug|x64
		{C7F7EA22-7B78-483F-B0F0-6DF8B1CF5C0B}.Debug|ARM64.ActiveCfg = Debug|ARM64
		{C7F7EA22-7B78-483F-B0F0-6DF8B1CF5C0B}.Debug|ARM64.Build.0 = Debug|ARM64
		{C7F7EA22-7B78-483F-B0F0-6DF8B1CF5C0B}.Debug|ARM64.Deploy.0 = Debug|ARM64
		{C7F7EA22-7B78-483F-B0F0-6DF8B1CF5C0B}.Debug|x64.ActiveCfg = Debug|x64
		{C7F7EA22-7B78-483F-B0F0-6DF8B1CF5C0B}.Debug|x64.Build.0 = Debug|x64
		{C7F7EA22-7B78-483F-B0F0-6DF8B1CF5C0B}.Debug|x64.Deploy.0 = Debug|x64
		{C7F7EA22-7B78-483F-B0F0-6DF8B1CF5C0B}.Debug|x86.ActiveCfg = Debug|x64
		{C7F7EA22-7B78-483F-B0F0-6DF8B1CF5C0B}.Debug|x86.Build.0 = Debug|x64
		{C7F7EA22-7B78-483F-B0F0-6DF8B1CF5C0B}.Debug|x86.Deploy.0 = Debug|x64
		{C7F7EA22-7B78-483F-B0F0-6DF8B1CF5C0B}.Release|Any CPU.ActiveCfg = Release|x64
		{C7F7EA22-7B78-483F-B0F0-6DF8B1CF5C0B}.Release|Any CPU.Build.0 = Release|x64
		{C7F7EA22-7B78-483F-B0F0-6DF8B1CF5C0B}.Release|Any CPU.Deploy.0 = Release|x64
		{C7F7EA22-7B78-483F-B0F0-6DF8B1CF5C0B}.Release|ARM.ActiveCfg = Release|x64
		{C7F7EA22-7B78-483F-B0F0-6DF8B1CF5C0B}.Release|ARM.Build.0 = Release|x64
		{C7F7EA22-7B78-483F-B0F0-6DF8B1CF5C0B}.Release|ARM.Deploy.0 = Release|x64
		{C7F7EA22-7B78-483F-B0F0-6DF8B1CF5C0B}.Release|ARM64.ActiveCfg = Release|ARM64
		{C7F7EA22-7B78-483F-B0F0-6DF8B1CF5C0B}.Release|ARM64.Build.0 = Release|ARM64
		{C7F7EA22-7B78-483F-B0F0-6DF8B1CF5C0B}.Release|ARM64.Deploy.0 = Release|ARM64
		{C7F7EA22-7B78-483F-B0F0-6DF8B1CF5C0B}.Release|x64.ActiveCfg = Release|x64
		{C7F7EA22-7B78-483F-B0F0-6DF8B1CF5C0B}.Release|x64.Build.0 = Release|x64
		{C7F7EA22-7B78-483F-B0F0-6DF8B1CF5C0B}.Release|x64.Deploy.0 = Release|x64
		{C7F7EA22-7B78-483F-B0F0-6DF8B1CF5C0B}.Release|x86.ActiveCfg = Release|x64
		{C7F7EA22-7B78-483F-B0F0-6DF8B1CF5C0B}.Release|x86.Build.0 = Release|x64
		{C7F7EA22-7B78-483F-B0F0-6DF8B1CF5C0B}.Release|x86.Deploy.0 = Release|x64
	EndGlobalSection
	GlobalSection(SolutionProperties) = preSolution
		HideSolutionNode = FALSE
	EndGlobalSection
	GlobalSection(ExtensibilityGlobals) = postSolution
		SolutionGuid = {741AAB28-35D7-4C97-8BC1-18D38C16994A}
	EndGlobalSection
EndGlobal
